
Microsoft Visual Studio Solution File, Format Version 12.00
# Visual Studio Version 17
VisualStudioVersion = 17.0.31903.59
MinimumVisualStudioVersion = 10.0.40219.1
Project("{FAE04EC0-301F-11D3-BF4B-00C04F79EFBC}") = "API", "API\API.csproj", "{6C745357-A64A-4BE5-A0B8-6AD72B8FBC4C}"
EndProject
Project("{FAE04EC0-301F-11D3-BF4B-00C04F79EFBC}") = "Application", "Application\Application.csproj", "{CC4501DB-1471-444B-95C1-5A2ADBF90033}"
EndProject
Project("{FAE04EC0-301F-11D3-BF4B-00C04F79EFBC}") = "Domain", "Domain\Domain.csproj", "{10B04595-F368-4F7B-9C42-11D3A731535E}"
EndProject
Project("{FAE04EC0-301F-11D3-BF4B-00C04F79EFBC}") = "Persistence", "Persistence\Persistence.csproj", "{1082D8D5-1B3F-4B4A-BA95-290408E27CC3}"
EndProject
Global
	GlobalSection(SolutionConfigurationPlatforms) = preSolution
		Debug|Any CPU = Debug|Any CPU
		Debug|x64 = Debug|x64
		Debug|x86 = Debug|x86
		Release|Any CPU = Release|Any CPU
		Release|x64 = Release|x64
		Release|x86 = Release|x86
	EndGlobalSection
	GlobalSection(ProjectConfigurationPlatforms) = postSolution
		{6C745357-A64A-4BE5-A0B8-6AD72B8FBC4C}.Debug|Any CPU.ActiveCfg = Debug|Any CPU
		{6C745357-A64A-4BE5-A0B8-6AD72B8FBC4C}.Debug|Any CPU.Build.0 = Debug|Any CPU
		{6C745357-A64A-4BE5-A0B8-6AD72B8FBC4C}.Debug|x64.ActiveCfg = Debug|Any CPU
		{6C745357-A64A-4BE5-A0B8-6AD72B8FBC4C}.Debug|x64.Build.0 = Debug|Any CPU
		{6C745357-A64A-4BE5-A0B8-6AD72B8FBC4C}.Debug|x86.ActiveCfg = Debug|Any CPU
		{6C745357-A64A-4BE5-A0B8-6AD72B8FBC4C}.Debug|x86.Build.0 = Debug|Any CPU
		{6C745357-A64A-4BE5-A0B8-6AD72B8FBC4C}.Release|Any CPU.ActiveCfg = Release|Any CPU
		{6C745357-A64A-4BE5-A0B8-6AD72B8FBC4C}.Release|Any CPU.Build.0 = Release|Any CPU
		{6C745357-A64A-4BE5-A0B8-6AD72B8FBC4C}.Release|x64.ActiveCfg = Release|Any CPU
		{6C745357-A64A-4BE5-A0B8-6AD72B8FBC4C}.Release|x64.Build.0 = Release|Any CPU
		{6C745357-A64A-4BE5-A0B8-6AD72B8FBC4C}.Release|x86.ActiveCfg = Release|Any CPU
		{6C745357-A64A-4BE5-A0B8-6AD72B8FBC4C}.Release|x86.Build.0 = Release|Any CPU
		{CC4501DB-1471-444B-95C1-5A2ADBF90033}.Debug|Any CPU.ActiveCfg = Debug|Any CPU
		{CC4501DB-1471-444B-95C1-5A2ADBF90033}.Debug|Any CPU.Build.0 = Debug|Any CPU
		{CC4501DB-1471-444B-95C1-5A2ADBF90033}.Debug|x64.ActiveCfg = Debug|Any CPU
		{CC4501DB-1471-444B-95C1-5A2ADBF90033}.Debug|x64.Build.0 = Debug|Any CPU
		{CC4501DB-1471-444B-95C1-5A2ADBF90033}.Debug|x86.ActiveCfg = Debug|Any CPU
		{CC4501DB-1471-444B-95C1-5A2ADBF90033}.Debug|x86.Build.0 = Debug|Any CPU
		{CC4501DB-1471-444B-95C1-5A2ADBF90033}.Release|Any CPU.ActiveCfg = Release|Any CPU
		{CC4501DB-1471-444B-95C1-5A2ADBF90033}.Release|Any CPU.Build.0 = Release|Any CPU
		{CC4501DB-1471-444B-95C1-5A2ADBF90033}.Release|x64.ActiveCfg = Release|Any CPU
		{CC4501DB-1471-444B-95C1-5A2ADBF90033}.Release|x64.Build.0 = Release|Any CPU
		{CC4501DB-1471-444B-95C1-5A2ADBF90033}.Release|x86.ActiveCfg = Release|Any CPU
		{CC4501DB-1471-444B-95C1-5A2ADBF90033}.Release|x86.Build.0 = Release|Any CPU
		{10B04595-F368-4F7B-9C42-11D3A731535E}.Debug|Any CPU.ActiveCfg = Debug|Any CPU
		{10B04595-F368-4F7B-9C42-11D3A731535E}.Debug|Any CPU.Build.0 = Debug|Any CPU
		{10B04595-F368-4F7B-9C42-11D3A731535E}.Debug|x64.ActiveCfg = Debug|Any CPU
		{10B04595-F368-4F7B-9C42-11D3A731535E}.Debug|x64.Build.0 = Debug|Any CPU
		{10B04595-F368-4F7B-9C42-11D3A731535E}.Debug|x86.ActiveCfg = Debug|Any CPU
		{10B04595-F368-4F7B-9C42-11D3A731535E}.Debug|x86.Build.0 = Debug|Any CPU
		{10B04595-F368-4F7B-9C42-11D3A731535E}.Release|Any CPU.ActiveCfg = Release|Any CPU
		{10B04595-F368-4F7B-9C42-11D3A731535E}.Release|Any CPU.Build.0 = Release|Any CPU
		{10B04595-F368-4F7B-9C42-11D3A731535E}.Release|x64.ActiveCfg = Release|Any CPU
		{10B04595-F368-4F7B-9C42-11D3A731535E}.Release|x64.Build.0 = Release|Any CPU
		{10B04595-F368-4F7B-9C42-11D3A731535E}.Release|x86.ActiveCfg = Release|Any CPU
		{10B04595-F368-4F7B-9C42-11D3A731535E}.Release|x86.Build.0 = Release|Any CPU
		{1082D8D5-1B3F-4B4A-BA95-290408E27CC3}.Debug|Any CPU.ActiveCfg = Debug|Any CPU
		{1082D8D5-1B3F-4B4A-BA95-290408E27CC3}.Debug|Any CPU.Build.0 = Debug|Any CPU
		{1082D8D5-1B3F-4B4A-BA95-290408E27CC3}.Debug|x64.ActiveCfg = Debug|Any CPU
		{1082D8D5-1B3F-4B4A-BA95-290408E27CC3}.Debug|x64.Build.0 = Debug|Any CPU
		{1082D8D5-1B3F-4B4A-BA95-290408E27CC3}.Debug|x86.ActiveCfg = Debug|Any CPU
		{1082D8D5-1B3F-4B4A-BA95-290408E27CC3}.Debug|x86.Build.0 = Debug|Any CPU
		{1082D8D5-1B3F-4B4A-BA95-290408E27CC3}.Release|Any CPU.ActiveCfg = Release|Any CPU
		{1082D8D5-1B3F-4B4A-BA95-290408E27CC3}.Release|Any CPU.Build.0 = Release|Any CPU
		{1082D8D5-1B3F-4B4A-BA95-290408E27CC3}.Release|x64.ActiveCfg = Release|Any CPU
		{1082D8D5-1B3F-4B4A-BA95-290408E27CC3}.Release|x64.Build.0 = Release|Any CPU
		{1082D8D5-1B3F-4B4A-BA95-290408E27CC3}.Release|x86.ActiveCfg = Release|Any CPU
		{1082D8D5-1B3F-4B4A-BA95-290408E27CC3}.Release|x86.Build.0 = Release|Any CPU
	EndGlobalSection
	GlobalSection(SolutionProperties) = preSolution
		HideSolutionNode = FALSE
	EndGlobalSection
EndGlobal
